
Microsoft Visual Studio Solution File, Format Version 12.00
# Visual Studio Version 16
VisualStudioVersion = 16.0.31005.135
MinimumVisualStudioVersion = 10.0.40219.1
Project("{9A19103F-16F7-4668-BE54-9A1E7A4F7556}") = "GrpcServer", "GrpcServer\GrpcServer.csproj", "{39297820-9878-403F-B2A5-F950D4CBD8D1}"
EndProject
Project("{9A19103F-16F7-4668-BE54-9A1E7A4F7556}") = "GrpcClient", "GrpcClient\GrpcClient.csproj", "{95A62C73-3C36-4EF4-97A7-810580184B3A}"
EndProject
Global
	GlobalSection(SolutionConfigurationPlatforms) = preSolution
		Debug|Any CPU = Debug|Any CPU
		Release|Any CPU = Release|Any CPU
	EndGlobalSection
	GlobalSection(ProjectConfigurationPlatforms) = postSolution
		{39297820-9878-403F-B2A5-F950D4CBD8D1}.Debug|Any CPU.ActiveCfg = Debug|Any CPU
		{39297820-9878-403F-B2A5-F950D4CBD8D1}.Debug|Any CPU.Build.0 = Debug|Any CPU
		{39297820-9878-403F-B2A5-F950D4CBD8D1}.Release|Any CPU.ActiveCfg = Release|Any CPU
		{39297820-9878-403F-B2A5-F950D4CBD8D1}.Release|Any CPU.Build.0 = Release|Any CPU
		{95A62C73-3C36-4EF4-97A7-810580184B3A}.Debug|Any CPU.ActiveCfg = Debug|Any CPU
		{95A62C73-3C36-4EF4-97A7-810580184B3A}.Debug|Any CPU.Build.0 = Debug|Any CPU
		{95A62C73-3C36-4EF4-97A7-810580184B3A}.Release|Any CPU.ActiveCfg = Release|Any CPU
		{95A62C73-3C36-4EF4-97A7-810580184B3A}.Release|Any CPU.Build.0 = Release|Any CPU
	EndGlobalSection
	GlobalSection(SolutionProperties) = preSolution
		HideSolutionNode = FALSE
	EndGlobalSection
	GlobalSection(ExtensibilityGlobals) = postSolution
		SolutionGuid = {928CBE6F-267E-4839-ADDF-BB268D871486}
	EndGlobalSection
EndGlobal
